
Microsoft Visual Studio Solution File, Format Version 12.00
# Visual Studio Version 16
VisualStudioVersion = 16.0.32126.315
MinimumVisualStudioVersion = 10.0.40219.1
Project("{FAE04EC0-301F-11D3-BF4B-00C04F79EFBC}") = "WFA_TelefonRehberi", "WFA_TelefonRehberi\WFA_TelefonRehberi.csproj", "{78C3B3BB-CC2D-4F1E-B98F-9106C524F768}"
EndProject
Global
	GlobalSection(SolutionConfigurationPlatforms) = preSolution
		Debug|Any CPU = Debug|Any CPU
		Release|Any CPU = Release|Any CPU
	EndGlobalSection
	GlobalSection(ProjectConfigurationPlatforms) = postSolution
		{78C3B3BB-CC2D-4F1E-B98F-9106C524F768}.Debug|Any CPU.ActiveCfg = Debug|Any CPU
		{78C3B3BB-CC2D-4F1E-B98F-9106C524F768}.Debug|Any CPU.Build.0 = Debug|Any CPU
		{78C3B3BB-CC2D-4F1E-B98F-9106C524F768}.Release|Any CPU.ActiveCfg = Release|Any CPU
		{78C3B3BB-CC2D-4F1E-B98F-9106C524F768}.Release|Any CPU.Build.0 = Release|Any CPU
	EndGlobalSection
	GlobalSection(SolutionProperties) = preSolution
		HideSolutionNode = FALSE
	EndGlobalSection
	GlobalSection(ExtensibilityGlobals) = postSolution
		SolutionGuid = {FF9F76AD-D3A5-4413-877A-40B81F3D50E7}
	EndGlobalSection
EndGlobal
